
Microsoft Visual Studio Solution File, Format Version 12.00
# Visual Studio 14
VisualStudioVersion = 14.0.25420.1
MinimumVisualStudioVersion = 10.0.40219.1
Project("{FAE04EC0-301F-11D3-BF4B-00C04F79EFBC}") = "ConsoleApplication33", "ConsoleApplication33\ConsoleApplication33.csproj", "{BD7E15D7-0CFF-4E7F-8A86-9376C6F05D0D}"
EndProject
Global
	GlobalSection(SolutionConfigurationPlatforms) = preSolution
		Debug|Any CPU = Debug|Any CPU
		Release|Any CPU = Release|Any CPU
	EndGlobalSection
	GlobalSection(ProjectConfigurationPlatforms) = postSolution
		{BD7E15D7-0CFF-4E7F-8A86-9376C6F05D0D}.Debug|Any CPU.ActiveCfg = Debug|Any CPU
		{BD7E15D7-0CFF-4E7F-8A86-9376C6F05D0D}.Debug|Any CPU.Build.0 = Debug|Any CPU
		{BD7E15D7-0CFF-4E7F-8A86-9376C6F05D0D}.Release|Any CPU.ActiveCfg = Release|Any CPU
		{BD7E15D7-0CFF-4E7F-8A86-9376C6F05D0D}.Release|Any CPU.Build.0 = Release|Any CPU
	EndGlobalSection
	GlobalSection(SolutionProperties) = preSolution
		HideSolutionNode = FALSE
	EndGlobalSection
EndGlobal
